
Microsoft Visual Studio Solution File, Format Version 12.00
# Visual Studio Version 17
VisualStudioVersion = 17.9.34902.65
MinimumVisualStudioVersion = 10.0.40219.1
Project("{FAE04EC0-301F-11D3-BF4B-00C04F79EFBC}") = "CleverEstate", "CleverEstate.csproj", "{AFC8A326-8881-486C-8A10-1D118FFDAFD3}"
EndProject
Global
	GlobalSection(SolutionConfigurationPlatforms) = preSolution
		Debug|Any CPU = Debug|Any CPU
		Release|Any CPU = Release|Any CPU
	EndGlobalSection
	GlobalSection(ProjectConfigurationPlatforms) = postSolution
		{AFC8A326-8881-486C-8A10-1D118FFDAFD3}.Debug|Any CPU.ActiveCfg = Debug|Any CPU
		{AFC8A326-8881-486C-8A10-1D118FFDAFD3}.Debug|Any CPU.Build.0 = Debug|Any CPU
		{AFC8A326-8881-486C-8A10-1D118FFDAFD3}.Release|Any CPU.ActiveCfg = Release|Any CPU
		{AFC8A326-8881-486C-8A10-1D118FFDAFD3}.Release|Any CPU.Build.0 = Release|Any CPU
	EndGlobalSection
	GlobalSection(SolutionProperties) = preSolution
		HideSolutionNode = FALSE
	EndGlobalSection
	GlobalSection(ExtensibilityGlobals) = postSolution
		SolutionGuid = {A3C73EDC-027F-427D-A849-9E5A9B214FF0}
	EndGlobalSection
EndGlobal
